# This file was autogenerated by Stack.
# You should not edit this file by hand.
# For more information, please see the documentation at:
#   https://docs.haskellstack.org/en/stable/lock_files

packages:
- completed:
    pantry-tree:
      sha256: 14dc0102fd232aaea6e0383ebf7e5838b71f9a5c7d6e4363ea58bc6951e6bc6f
      size: 387
    hackage: bearriver-0.14.3@sha256:476bf0365794211db0e566f80aa0028887c9efdb6b656a3de592beb549252be8,3842
  original:
    hackage: bearriver-0.14.3@sha256:476bf0365794211db0e566f80aa0028887c9efdb6b656a3de592beb549252be8,3842
- completed:
    pantry-tree:
      sha256: b0c76dc4833869433f3c1978de2e7301a26699f2c605122e51bf12c7bceed45f
      size: 6641
    hackage: sdl2-2.5.5.0@sha256:8226fe90c517a9ec52da011a98d3e5523c8e0759c9c28d45d12dfe9178c5fe31,12150
  original:
    hackage: sdl2-2.5.5.0
snapshots:
- completed:
    sha256: a95a93bcb7132bf5f8ad3356998e223947852f57d4da63e0e145870ea90d9d18
    size: 619170
    url: https://raw.githubusercontent.com/commercialhaskell/stackage-snapshots/master/lts/19/19.yaml
  original: lts-19.19
